
Microsoft Visual Studio Solution File, Format Version 12.00
# Visual Studio Version 17
VisualStudioVersion = 17.4.33403.182
MinimumVisualStudioVersion = 10.0.40219.1
Project("{FAE04EC0-301F-11D3-BF4B-00C04F79EFBC}") = "DevFramework.Northwind.Business.Tests", "DevFramework.Northwind.Business.Tests\DevFramework.Northwind.Business.Tests.csproj", "{4360336F-03EB-4662-9B1D-E8B54E48AD48}"
EndProject
Project("{FAE04EC0-301F-11D3-BF4B-00C04F79EFBC}") = "DevFramework.Core", "DevFramework.Core\DevFramework.Core.csproj", "{D66B040A-BE0F-45FB-AB27-A06FE789D36D}"
EndProject
Project("{FAE04EC0-301F-11D3-BF4B-00C04F79EFBC}") = "DevFramework.Northwind.Business", "DevFramework.Northwind.Business\DevFramework.Northwind.Business.csproj", "{CB6E7755-D712-441F-9C50-E01C6B3DA16F}"
EndProject
Project("{FAE04EC0-301F-11D3-BF4B-00C04F79EFBC}") = "DevFramework.Northwind.DataAccsess", "DevFramework.Northwind.DataAccsess\DevFramework.Northwind.DataAccsess.csproj", "{610E941B-C4E0-46BA-BF78-63E8545D1D1E}"
EndProject
Project("{FAE04EC0-301F-11D3-BF4B-00C04F79EFBC}") = "DevFramework.Northwind.DataAccsess.Tests", "DevFramework.Northwind.DataAccsess.Tests\DevFramework.Northwind.DataAccsess.Tests.csproj", "{7D54B343-628E-4694-9537-FE9F5A152AFB}"
EndProject
Project("{FAE04EC0-301F-11D3-BF4B-00C04F79EFBC}") = "DevFramework.Northwind.Entities", "DevFramework.Northwind.Entities\DevFramework.Northwind.Entities.csproj", "{1F2D4D77-1ED7-4D52-8BE2-BEAE4F4ABFC1}"
EndProject
Project("{FAE04EC0-301F-11D3-BF4B-00C04F79EFBC}") = "DevFramework.Northwind.MvcWebUI.Tests", "DevFramework.Northwind.MvcWebUI.Tests\DevFramework.Northwind.MvcWebUI.Tests.csproj", "{9BDEA922-0667-472E-B9D0-873C122CA181}"
EndProject
Project("{FAE04EC0-301F-11D3-BF4B-00C04F79EFBC}") = "DevFramework.Northwind.WebApi", "DevFramework.Northwind.WebApi\DevFramework.Northwind.WebApi.csproj", "{B9A25DB2-9EC9-4EBB-94B5-E87C2F40AFB8}"
EndProject
Project("{E24C65DC-7377-472B-9ABA-BC803B73C61A}") = "DevFramework.Northwind.WcfService", "DevFramework.Northwind.WcfService\", "{233C8C18-CAA0-4419-BC99-A5A0C2B4D8F1}"
	ProjectSection(WebsiteProperties) = preProject
		TargetFrameworkMoniker = ".NETFramework,Version%3Dv4.7.2"
		ProjectReferences = "{cb6e7755-d712-441f-9c50-e01c6b3da16f}|DevFramework.Northwind.Business.dll;{D66B040A-BE0F-45FB-AB27-A06FE789D36D}|DevFramework.Core.dll;{610E941B-C4E0-46BA-BF78-63E8545D1D1E}|DevFramework.Northwind.DataAccsess.dll;{1F2D4D77-1ED7-4D52-8BE2-BEAE4F4ABFC1}|DevFramework.Northwind.Entities.dll;"
		Debug.AspNetCompiler.VirtualPath = "/localhost_29005"
		Debug.AspNetCompiler.PhysicalPath = "DevFramework.Northwind.WcfService\"
		Debug.AspNetCompiler.TargetPath = "PrecompiledWeb\localhost_29005\"
		Debug.AspNetCompiler.Updateable = "true"
		Debug.AspNetCompiler.ForceOverwrite = "true"
		Debug.AspNetCompiler.FixedNames = "false"
		Debug.AspNetCompiler.Debug = "True"
		Release.AspNetCompiler.VirtualPath = "/localhost_29005"
		Release.AspNetCompiler.PhysicalPath = "DevFramework.Northwind.WcfService\"
		Release.AspNetCompiler.TargetPath = "PrecompiledWeb\localhost_29005\"
		Release.AspNetCompiler.Updateable = "true"
		Release.AspNetCompiler.ForceOverwrite = "true"
		Release.AspNetCompiler.FixedNames = "false"
		Release.AspNetCompiler.Debug = "False"
		VWDPort = "29005"
		SlnRelativePath = "DevFramework.Northwind.WcfService\"
		DefaultWebSiteLanguage = "Visual C#"
	EndProjectSection
EndProject
Project("{FAE04EC0-301F-11D3-BF4B-00C04F79EFBC}") = "DevFramework.Northwind.MvcWebUI", "DevFramework.Northwind.MvcWebUI\DevFramework.Northwind.MvcWebUI.csproj", "{449B96EA-D5DD-4CC4-977C-4F73394EDCB8}"
EndProject
Project("{FAE04EC0-301F-11D3-BF4B-00C04F79EFBC}") = "DevFramework.Northwind.MvcAngularUI", "DevFramework.Northwind.MvcAngularUI\DevFramework.Northwind.MvcAngularUI.csproj", "{0F6D60A3-0C70-474B-B52F-80A811949354}"
EndProject
Global
	GlobalSection(SolutionConfigurationPlatforms) = preSolution
		Debug|Any CPU = Debug|Any CPU
		Release|Any CPU = Release|Any CPU
	EndGlobalSection
	GlobalSection(ProjectConfigurationPlatforms) = postSolution
		{4360336F-03EB-4662-9B1D-E8B54E48AD48}.Debug|Any CPU.ActiveCfg = Debug|Any CPU
		{4360336F-03EB-4662-9B1D-E8B54E48AD48}.Debug|Any CPU.Build.0 = Debug|Any CPU
		{4360336F-03EB-4662-9B1D-E8B54E48AD48}.Release|Any CPU.ActiveCfg = Release|Any CPU
		{4360336F-03EB-4662-9B1D-E8B54E48AD48}.Release|Any CPU.Build.0 = Release|Any CPU
		{D66B040A-BE0F-45FB-AB27-A06FE789D36D}.Debug|Any CPU.ActiveCfg = Debug|Any CPU
		{D66B040A-BE0F-45FB-AB27-A06FE789D36D}.Debug|Any CPU.Build.0 = Debug|Any CPU
		{D66B040A-BE0F-45FB-AB27-A06FE789D36D}.Release|Any CPU.ActiveCfg = Release|Any CPU
		{D66B040A-BE0F-45FB-AB27-A06FE789D36D}.Release|Any CPU.Build.0 = Release|Any CPU
		{CB6E7755-D712-441F-9C50-E01C6B3DA16F}.Debug|Any CPU.ActiveCfg = Debug|Any CPU
		{CB6E7755-D712-441F-9C50-E01C6B3DA16F}.Debug|Any CPU.Build.0 = Debug|Any CPU
		{CB6E7755-D712-441F-9C50-E01C6B3DA16F}.Release|Any CPU.ActiveCfg = Release|Any CPU
		{CB6E7755-D712-441F-9C50-E01C6B3DA16F}.Release|Any CPU.Build.0 = Release|Any CPU
		{610E941B-C4E0-46BA-BF78-63E8545D1D1E}.Debug|Any CPU.ActiveCfg = Debug|Any CPU
		{610E941B-C4E0-46BA-BF78-63E8545D1D1E}.Debug|Any CPU.Build.0 = Debug|Any CPU
		{610E941B-C4E0-46BA-BF78-63E8545D1D1E}.Release|Any CPU.ActiveCfg = Release|Any CPU
		{610E941B-C4E0-46BA-BF78-63E8545D1D1E}.Release|Any CPU.Build.0 = Release|Any CPU
		{7D54B343-628E-4694-9537-FE9F5A152AFB}.Debug|Any CPU.ActiveCfg = Debug|Any CPU
		{7D54B343-628E-4694-9537-FE9F5A152AFB}.Debug|Any CPU.Build.0 = Debug|Any CPU
		{7D54B343-628E-4694-9537-FE9F5A152AFB}.Release|Any CPU.ActiveCfg = Release|Any CPU
		{7D54B343-628E-4694-9537-FE9F5A152AFB}.Release|Any CPU.Build.0 = Release|Any CPU
		{1F2D4D77-1ED7-4D52-8BE2-BEAE4F4ABFC1}.Debug|Any CPU.ActiveCfg = Debug|Any CPU
		{1F2D4D77-1ED7-4D52-8BE2-BEAE4F4ABFC1}.Debug|Any CPU.Build.0 = Debug|Any CPU
		{1F2D4D77-1ED7-4D52-8BE2-BEAE4F4ABFC1}.Release|Any CPU.ActiveCfg = Release|Any CPU
		{1F2D4D77-1ED7-4D52-8BE2-BEAE4F4ABFC1}.Release|Any CPU.Build.0 = Release|Any CPU
		{9BDEA922-0667-472E-B9D0-873C122CA181}.Debug|Any CPU.ActiveCfg = Debug|Any CPU
		{9BDEA922-0667-472E-B9D0-873C122CA181}.Debug|Any CPU.Build.0 = Debug|Any CPU
		{9BDEA922-0667-472E-B9D0-873C122CA181}.Release|Any CPU.ActiveCfg = Release|Any CPU
		{9BDEA922-0667-472E-B9D0-873C122CA181}.Release|Any CPU.Build.0 = Release|Any CPU
		{B9A25DB2-9EC9-4EBB-94B5-E87C2F40AFB8}.Debug|Any CPU.ActiveCfg = Debug|Any CPU
		{B9A25DB2-9EC9-4EBB-94B5-E87C2F40AFB8}.Debug|Any CPU.Build.0 = Debug|Any CPU
		{B9A25DB2-9EC9-4EBB-94B5-E87C2F40AFB8}.Release|Any CPU.ActiveCfg = Release|Any CPU
		{B9A25DB2-9EC9-4EBB-94B5-E87C2F40AFB8}.Release|Any CPU.Build.0 = Release|Any CPU
		{233C8C18-CAA0-4419-BC99-A5A0C2B4D8F1}.Debug|Any CPU.ActiveCfg = Debug|Any CPU
		{233C8C18-CAA0-4419-BC99-A5A0C2B4D8F1}.Debug|Any CPU.Build.0 = Debug|Any CPU
		{233C8C18-CAA0-4419-BC99-A5A0C2B4D8F1}.Release|Any CPU.ActiveCfg = Debug|Any CPU
		{233C8C18-CAA0-4419-BC99-A5A0C2B4D8F1}.Release|Any CPU.Build.0 = Debug|Any CPU
		{449B96EA-D5DD-4CC4-977C-4F73394EDCB8}.Debug|Any CPU.ActiveCfg = Debug|Any CPU
		{449B96EA-D5DD-4CC4-977C-4F73394EDCB8}.Debug|Any CPU.Build.0 = Debug|Any CPU
		{449B96EA-D5DD-4CC4-977C-4F73394EDCB8}.Release|Any CPU.ActiveCfg = Release|Any CPU
		{449B96EA-D5DD-4CC4-977C-4F73394EDCB8}.Release|Any CPU.Build.0 = Release|Any CPU
		{0F6D60A3-0C70-474B-B52F-80A811949354}.Debug|Any CPU.ActiveCfg = Debug|Any CPU
		{0F6D60A3-0C70-474B-B52F-80A811949354}.Debug|Any CPU.Build.0 = Debug|Any CPU
		{0F6D60A3-0C70-474B-B52F-80A811949354}.Release|Any CPU.ActiveCfg = Release|Any CPU
		{0F6D60A3-0C70-474B-B52F-80A811949354}.Release|Any CPU.Build.0 = Release|Any CPU
	EndGlobalSection
	GlobalSection(SolutionProperties) = preSolution
		HideSolutionNode = FALSE
	EndGlobalSection
	GlobalSection(ExtensibilityGlobals) = postSolution
		SolutionGuid = {D4BC6730-496F-4060-A217-F99D1B46B6AB}
	EndGlobalSection
EndGlobal
